
Microsoft Visual Studio Solution File, Format Version 12.00
# Visual Studio 14
VisualStudioVersion = 14.0.25420.1
MinimumVisualStudioVersion = 10.0.40219.1
Project("{FAE04EC0-301F-11D3-BF4B-00C04F79EFBC}") = "Altex_Soft_Week_1_task_2", "Altex_Soft_Week_1_task_2\Altex_Soft_Week_1_task_2.csproj", "{B21194BA-BBE3-4384-8D7B-0CB4DE807946}"
EndProject
Global
	GlobalSection(SolutionConfigurationPlatforms) = preSolution
		Debug|Any CPU = Debug|Any CPU
		Release|Any CPU = Release|Any CPU
	EndGlobalSection
	GlobalSection(ProjectConfigurationPlatforms) = postSolution
		{B21194BA-BBE3-4384-8D7B-0CB4DE807946}.Debug|Any CPU.ActiveCfg = Debug|Any CPU
		{B21194BA-BBE3-4384-8D7B-0CB4DE807946}.Debug|Any CPU.Build.0 = Debug|Any CPU
		{B21194BA-BBE3-4384-8D7B-0CB4DE807946}.Release|Any CPU.ActiveCfg = Release|Any CPU
		{B21194BA-BBE3-4384-8D7B-0CB4DE807946}.Release|Any CPU.Build.0 = Release|Any CPU
	EndGlobalSection
	GlobalSection(SolutionProperties) = preSolution
		HideSolutionNode = FALSE
	EndGlobalSection
EndGlobal
